
Microsoft Visual Studio Solution File, Format Version 12.00
# Visual Studio Version 17
VisualStudioVersion = 17.12.35707.178
MinimumVisualStudioVersion = 10.0.40219.1
Project("{2150E333-8FDC-42A3-9474-1A3956D46DE8}") = "Services", "Services", "{37200729-DE8B-4292-A5B3-31B07CF6C2CF}"
EndProject
Project("{2150E333-8FDC-42A3-9474-1A3956D46DE8}") = "Products", "Products", "{A6241DF1-6A3D-41D6-97DD-F99DF8680ED8}"
EndProject
Project("{FAE04EC0-301F-11D3-BF4B-00C04F79EFBC}") = "Products.API", "Services\Products\Products.API\Products.API.csproj", "{54876D66-B37B-469C-A739-AD5705DCC219}"
EndProject
Project("{2150E333-8FDC-42A3-9474-1A3956D46DE8}") = "BuildingBlocks", "BuildingBlocks", "{85D59F61-6DFD-4B45-A41B-A955590033EB}"
EndProject
Project("{FAE04EC0-301F-11D3-BF4B-00C04F79EFBC}") = "BuildingBlocks", "BuildingBlocks\BuildingBlocks\BuildingBlocks.csproj", "{B3EC3AB8-37A0-4BB9-A214-D3E7FC1FEDCB}"
EndProject
Project("{E53339B2-1760-4266-BCC7-CA923CBCF16C}") = "docker-compose", "docker-compose.dcproj", "{A92A4D12-A371-4ACD-BCC2-FB5BA6042C94}"
EndProject
Global
	GlobalSection(SolutionConfigurationPlatforms) = preSolution
		Debug|Any CPU = Debug|Any CPU
		Release|Any CPU = Release|Any CPU
	EndGlobalSection
	GlobalSection(ProjectConfigurationPlatforms) = postSolution
		{54876D66-B37B-469C-A739-AD5705DCC219}.Debug|Any CPU.ActiveCfg = Debug|Any CPU
		{54876D66-B37B-469C-A739-AD5705DCC219}.Debug|Any CPU.Build.0 = Debug|Any CPU
		{54876D66-B37B-469C-A739-AD5705DCC219}.Release|Any CPU.ActiveCfg = Release|Any CPU
		{54876D66-B37B-469C-A739-AD5705DCC219}.Release|Any CPU.Build.0 = Release|Any CPU
		{B3EC3AB8-37A0-4BB9-A214-D3E7FC1FEDCB}.Debug|Any CPU.ActiveCfg = Debug|Any CPU
		{B3EC3AB8-37A0-4BB9-A214-D3E7FC1FEDCB}.Debug|Any CPU.Build.0 = Debug|Any CPU
		{B3EC3AB8-37A0-4BB9-A214-D3E7FC1FEDCB}.Release|Any CPU.ActiveCfg = Release|Any CPU
		{B3EC3AB8-37A0-4BB9-A214-D3E7FC1FEDCB}.Release|Any CPU.Build.0 = Release|Any CPU
		{A92A4D12-A371-4ACD-BCC2-FB5BA6042C94}.Debug|Any CPU.ActiveCfg = Debug|Any CPU
		{A92A4D12-A371-4ACD-BCC2-FB5BA6042C94}.Debug|Any CPU.Build.0 = Debug|Any CPU
		{A92A4D12-A371-4ACD-BCC2-FB5BA6042C94}.Release|Any CPU.ActiveCfg = Release|Any CPU
		{A92A4D12-A371-4ACD-BCC2-FB5BA6042C94}.Release|Any CPU.Build.0 = Release|Any CPU
	EndGlobalSection
	GlobalSection(SolutionProperties) = preSolution
		HideSolutionNode = FALSE
	EndGlobalSection
	GlobalSection(NestedProjects) = preSolution
		{A6241DF1-6A3D-41D6-97DD-F99DF8680ED8} = {37200729-DE8B-4292-A5B3-31B07CF6C2CF}
		{54876D66-B37B-469C-A739-AD5705DCC219} = {A6241DF1-6A3D-41D6-97DD-F99DF8680ED8}
		{B3EC3AB8-37A0-4BB9-A214-D3E7FC1FEDCB} = {85D59F61-6DFD-4B45-A41B-A955590033EB}
	EndGlobalSection
EndGlobal
